PODS:
  - Charts (3.0.2):
    - Charts/Core (= 3.0.2)
  - Charts/Core (3.0.2)
  - SwiftyJSON (3.1.4)

DEPENDENCIES:
  - Charts (from `https://github.com/JacopoMangiavacchi/Charts.git`)
  - SwiftyJSON

EXTERNAL SOURCES:
  Charts:
    :git: https://github.com/JacopoMangiavacchi/Charts.git

CHECKOUT OPTIONS:
  Charts:
    :commit: 24275ae99056d904bc3937f4675c48ca037cebb0
    :git: https://github.com/JacopoMangiavacchi/Charts.git

SPEC CHECKSUMS:
  Charts: e955b9a241a14a8971d70143002c8ab1610d26b6
  SwiftyJSON: c2842d878f95482ffceec5709abc3d05680c0220

PODFILE CHECKSUM: ea5845eff696a591e95236f7257004654ccc56ff

COCOAPODS: 1.2.0
